
Microsoft Visual Studio Solution File, Format Version 10.00
# Visual Studio 2008
Project("{FAE04EC0-301F-11D3-BF4B-00C04F79EFBC}") = "RSVP7.0", "RSVP7.0\RSVP7.0.csproj", "{2CD1176F-8BA0-4EAC-AE47-A3E06B55998F}"
EndProject
Global
	GlobalSection(SolutionConfigurationPlatforms) = preSolution
		Debug|Any CPU = Debug|Any CPU
		Release|Any CPU = Release|Any CPU
	EndGlobalSection
	GlobalSection(ProjectConfigurationPlatforms) = postSolution
		{2CD1176F-8BA0-4EAC-AE47-A3E06B55998F}.Debug|Any CPU.ActiveCfg = Debug|Any CPU
		{2CD1176F-8BA0-4EAC-AE47-A3E06B55998F}.Debug|Any CPU.Build.0 = Debug|Any CPU
		{2CD1176F-8BA0-4EAC-AE47-A3E06B55998F}.Release|Any CPU.ActiveCfg = Release|Any CPU
		{2CD1176F-8BA0-4EAC-AE47-A3E06B55998F}.Release|Any CPU.Build.0 = Release|Any CPU
	EndGlobalSection
	GlobalSection(SolutionProperties) = preSolution
		HideSolutionNode = FALSE
	EndGlobalSection
EndGlobal
